
Microsoft Visual Studio Solution File, Format Version 12.00
# Visual Studio Version 17
VisualStudioVersion = 17.1.32328.378
MinimumVisualStudioVersion = 10.0.40219.1
Project("{FAE04EC0-301F-11D3-BF4B-00C04F79EFBC}") = "SnakeandLadderProblem", "SnakeandLadderProblem.csproj", "{662523DE-1939-4C99-9F79-F6DCB59D42EB}"
EndProject
Global
	GlobalSection(SolutionConfigurationPlatforms) = preSolution
		Debug|Any CPU = Debug|Any CPU
		Release|Any CPU = Release|Any CPU
	EndGlobalSection
	GlobalSection(ProjectConfigurationPlatforms) = postSolution
		{662523DE-1939-4C99-9F79-F6DCB59D42EB}.Debug|Any CPU.ActiveCfg = Debug|Any CPU
		{662523DE-1939-4C99-9F79-F6DCB59D42EB}.Debug|Any CPU.Build.0 = Debug|Any CPU
		{662523DE-1939-4C99-9F79-F6DCB59D42EB}.Release|Any CPU.ActiveCfg = Release|Any CPU
		{662523DE-1939-4C99-9F79-F6DCB59D42EB}.Release|Any CPU.Build.0 = Release|Any CPU
	EndGlobalSection
	GlobalSection(SolutionProperties) = preSolution
		HideSolutionNode = FALSE
	EndGlobalSection
	GlobalSection(ExtensibilityGlobals) = postSolution
		SolutionGuid = {39FBBD62-DDD2-4AA0-B7C6-44CF9A60ACB3}
	EndGlobalSection
EndGlobal
